<?xml version="1.0" encoding="utf-8"?>
<Project ToolsVersion="4.0" xmlns="http://schemas.microsoft.com/developer/msbuild/2003">
  <ItemGroup>
    <Filter Include="simplygui">
      <UniqueIdentifier>{d70e3e33-770b-4255-96ff-96d470ef8432}</UniqueIdentifier>
    </Filter>
  </ItemGroup>
  <ItemGroup>
    <ClInclude Include="simplygui\simplygui.h">
      <Filter>simplygui</Filter>
    </ClInclude>
  </ItemGroup>
  <ItemGroup>
    <ClCompile Include="main.cpp" />
    <ClCompile Include="simplygui\simplygui.cpp">
      <Filter>simplygui</Filter>
    </ClCompile>
  </ItemGroup>
</Project>